
Microsoft Visual Studio Solution File, Format Version 12.00
# Visual Studio Version 17
VisualStudioVersion = 17.0.31903.59
MinimumVisualStudioVersion = 10.0.40219.1
Project("{2150E333-8FDC-42A3-9474-1A3956D46DE8}") = "Projects", "Projects", "{17245595-230B-9055-A944-863F0DDDA8E8}"
EndProject
Project("{2150E333-8FDC-42A3-9474-1A3956D46DE8}") = "Domain", "Domain", "{AB8802A8-6D53-566A-C694-24804AD27E7C}"
EndProject
Project("{FAE04EC0-301F-11D3-BF4B-00C04F79EFBC}") = "KanbanFlow.Projects.Domain", "Projects\Domain\KanbanFlow.Projects.Domain.csproj", "{89FC8C16-1A5E-4DA6-9894-543C91F5D90E}"
EndProject
Project("{2150E333-8FDC-42A3-9474-1A3956D46DE8}") = "Application", "Application", "{B0426234-FF0E-9F77-EA0C-646C9BEE8950}"
EndProject
Project("{FAE04EC0-301F-11D3-BF4B-00C04F79EFBC}") = "KanbanFlow.Projects.Application", "Projects\Application\KanbanFlow.Projects.Application.csproj", "{092F1AF0-360D-4471-9613-E4DDEB504EC5}"
EndProject
Project("{2150E333-8FDC-42A3-9474-1A3956D46DE8}") = "Infrastructure", "Infrastructure", "{6483A475-7855-F4C3-BFAC-88F1B87E274C}"
EndProject
Project("{FAE04EC0-301F-11D3-BF4B-00C04F79EFBC}") = "KanbanFlow.Projects.Infrastructure", "Projects\Infrastructure\KanbanFlow.Projects.Infrastructure.csproj", "{4210A8CB-24C7-4FBD-BD6F-6F423427D508}"
EndProject
Project("{2150E333-8FDC-42A3-9474-1A3956D46DE8}") = "Api", "Api", "{B44F9EF6-8BFE-0778-00C0-4C721C0DFCBC}"
EndProject
Project("{FAE04EC0-301F-11D3-BF4B-00C04F79EFBC}") = "KanbanFlow.Projects.Api", "Projects\Api\KanbanFlow.Projects.Api.csproj", "{D7A63AD8-780E-42A6-B8A9-2E0FB89DA7EB}"
EndProject
Global
	GlobalSection(SolutionConfigurationPlatforms) = preSolution
		Debug|Any CPU = Debug|Any CPU
		Debug|x64 = Debug|x64
		Debug|x86 = Debug|x86
		Release|Any CPU = Release|Any CPU
		Release|x64 = Release|x64
		Release|x86 = Release|x86
	EndGlobalSection
	GlobalSection(ProjectConfigurationPlatforms) = postSolution
		{89FC8C16-1A5E-4DA6-9894-543C91F5D90E}.Debug|Any CPU.ActiveCfg = Debug|Any CPU
		{89FC8C16-1A5E-4DA6-9894-543C91F5D90E}.Debug|Any CPU.Build.0 = Debug|Any CPU
		{89FC8C16-1A5E-4DA6-9894-543C91F5D90E}.Debug|x64.ActiveCfg = Debug|Any CPU
		{89FC8C16-1A5E-4DA6-9894-543C91F5D90E}.Debug|x64.Build.0 = Debug|Any CPU
		{89FC8C16-1A5E-4DA6-9894-543C91F5D90E}.Debug|x86.ActiveCfg = Debug|Any CPU
		{89FC8C16-1A5E-4DA6-9894-543C91F5D90E}.Debug|x86.Build.0 = Debug|Any CPU
		{89FC8C16-1A5E-4DA6-9894-543C91F5D90E}.Release|Any CPU.ActiveCfg = Release|Any CPU
		{89FC8C16-1A5E-4DA6-9894-543C91F5D90E}.Release|Any CPU.Build.0 = Release|Any CPU
		{89FC8C16-1A5E-4DA6-9894-543C91F5D90E}.Release|x64.ActiveCfg = Release|Any CPU
		{89FC8C16-1A5E-4DA6-9894-543C91F5D90E}.Release|x64.Build.0 = Release|Any CPU
		{89FC8C16-1A5E-4DA6-9894-543C91F5D90E}.Release|x86.ActiveCfg = Release|Any CPU
		{89FC8C16-1A5E-4DA6-9894-543C91F5D90E}.Release|x86.Build.0 = Release|Any CPU
		{092F1AF0-360D-4471-9613-E4DDEB504EC5}.Debug|Any CPU.ActiveCfg = Debug|Any CPU
		{092F1AF0-360D-4471-9613-E4DDEB504EC5}.Debug|Any CPU.Build.0 = Debug|Any CPU
		{092F1AF0-360D-4471-9613-E4DDEB504EC5}.Debug|x64.ActiveCfg = Debug|Any CPU
		{092F1AF0-360D-4471-9613-E4DDEB504EC5}.Debug|x64.Build.0 = Debug|Any CPU
		{092F1AF0-360D-4471-9613-E4DDEB504EC5}.Debug|x86.ActiveCfg = Debug|Any CPU
		{092F1AF0-360D-4471-9613-E4DDEB504EC5}.Debug|x86.Build.0 = Debug|Any CPU
		{092F1AF0-360D-4471-9613-E4DDEB504EC5}.Release|Any CPU.ActiveCfg = Release|Any CPU
		{092F1AF0-360D-4471-9613-E4DDEB504EC5}.Release|Any CPU.Build.0 = Release|Any CPU
		{092F1AF0-360D-4471-9613-E4DDEB504EC5}.Release|x64.ActiveCfg = Release|Any CPU
		{092F1AF0-360D-4471-9613-E4DDEB504EC5}.Release|x64.Build.0 = Release|Any CPU
		{092F1AF0-360D-4471-9613-E4DDEB504EC5}.Release|x86.ActiveCfg = Release|Any CPU
		{092F1AF0-360D-4471-9613-E4DDEB504EC5}.Release|x86.Build.0 = Release|Any CPU
		{4210A8CB-24C7-4FBD-BD6F-6F423427D508}.Debug|Any CPU.ActiveCfg = Debug|Any CPU
		{4210A8CB-24C7-4FBD-BD6F-6F423427D508}.Debug|Any CPU.Build.0 = Debug|Any CPU
		{4210A8CB-24C7-4FBD-BD6F-6F423427D508}.Debug|x64.ActiveCfg = Debug|Any CPU
		{4210A8CB-24C7-4FBD-BD6F-6F423427D508}.Debug|x64.Build.0 = Debug|Any CPU
		{4210A8CB-24C7-4FBD-BD6F-6F423427D508}.Debug|x86.ActiveCfg = Debug|Any CPU
		{4210A8CB-24C7-4FBD-BD6F-6F423427D508}.Debug|x86.Build.0 = Debug|Any CPU
		{4210A8CB-24C7-4FBD-BD6F-6F423427D508}.Release|Any CPU.ActiveCfg = Release|Any CPU
		{4210A8CB-24C7-4FBD-BD6F-6F423427D508}.Release|Any CPU.Build.0 = Release|Any CPU
		{4210A8CB-24C7-4FBD-BD6F-6F423427D508}.Release|x64.ActiveCfg = Release|Any CPU
		{4210A8CB-24C7-4FBD-BD6F-6F423427D508}.Release|x64.Build.0 = Release|Any CPU
		{4210A8CB-24C7-4FBD-BD6F-6F423427D508}.Release|x86.ActiveCfg = Release|Any CPU
		{4210A8CB-24C7-4FBD-BD6F-6F423427D508}.Release|x86.Build.0 = Release|Any CPU
		{D7A63AD8-780E-42A6-B8A9-2E0FB89DA7EB}.Debug|Any CPU.ActiveCfg = Debug|Any CPU
		{D7A63AD8-780E-42A6-B8A9-2E0FB89DA7EB}.Debug|Any CPU.Build.0 = Debug|Any CPU
		{D7A63AD8-780E-42A6-B8A9-2E0FB89DA7EB}.Debug|x64.ActiveCfg = Debug|Any CPU
		{D7A63AD8-780E-42A6-B8A9-2E0FB89DA7EB}.Debug|x64.Build.0 = Debug|Any CPU
		{D7A63AD8-780E-42A6-B8A9-2E0FB89DA7EB}.Debug|x86.ActiveCfg = Debug|Any CPU
		{D7A63AD8-780E-42A6-B8A9-2E0FB89DA7EB}.Debug|x86.Build.0 = Debug|Any CPU
		{D7A63AD8-780E-42A6-B8A9-2E0FB89DA7EB}.Release|Any CPU.ActiveCfg = Release|Any CPU
		{D7A63AD8-780E-42A6-B8A9-2E0FB89DA7EB}.Release|Any CPU.Build.0 = Release|Any CPU
		{D7A63AD8-780E-42A6-B8A9-2E0FB89DA7EB}.Release|x64.ActiveCfg = Release|Any CPU
		{D7A63AD8-780E-42A6-B8A9-2E0FB89DA7EB}.Release|x64.Build.0 = Release|Any CPU
		{D7A63AD8-780E-42A6-B8A9-2E0FB89DA7EB}.Release|x86.ActiveCfg = Release|Any CPU
		{D7A63AD8-780E-42A6-B8A9-2E0FB89DA7EB}.Release|x86.Build.0 = Release|Any CPU
	EndGlobalSection
	GlobalSection(SolutionProperties) = preSolution
		HideSolutionNode = FALSE
	EndGlobalSection
	GlobalSection(NestedProjects) = preSolution
		{AB8802A8-6D53-566A-C694-24804AD27E7C} = {17245595-230B-9055-A944-863F0DDDA8E8}
		{89FC8C16-1A5E-4DA6-9894-543C91F5D90E} = {AB8802A8-6D53-566A-C694-24804AD27E7C}
		{B0426234-FF0E-9F77-EA0C-646C9BEE8950} = {17245595-230B-9055-A944-863F0DDDA8E8}
		{092F1AF0-360D-4471-9613-E4DDEB504EC5} = {B0426234-FF0E-9F77-EA0C-646C9BEE8950}
		{6483A475-7855-F4C3-BFAC-88F1B87E274C} = {17245595-230B-9055-A944-863F0DDDA8E8}
		{4210A8CB-24C7-4FBD-BD6F-6F423427D508} = {6483A475-7855-F4C3-BFAC-88F1B87E274C}
		{B44F9EF6-8BFE-0778-00C0-4C721C0DFCBC} = {17245595-230B-9055-A944-863F0DDDA8E8}
		{D7A63AD8-780E-42A6-B8A9-2E0FB89DA7EB} = {B44F9EF6-8BFE-0778-00C0-4C721C0DFCBC}
	EndGlobalSection
EndGlobal
